
Microsoft Visual Studio Solution File, Format Version 12.00
# Visual Studio Express 14 for Windows Desktop
VisualStudioVersion = 14.0.25420.1
MinimumVisualStudioVersion = 10.0.40219.1
Project("{F184B08F-C81C-45F6-A57F-5ABD9991F28F}") = "Radan Magazyn Blach Moduł Zarządzający", "Radan Magazyn Blach Moduł Zarządzający\Radan Magazyn Blach Moduł Zarządzający.vbproj", "{53E5E52D-00DA-4FED-A5ED-D6FC67C9D6C1}"
EndProject
Global
	GlobalSection(SolutionConfigurationPlatforms) = preSolution
		Debug|Any CPU = Debug|Any CPU
		Release|Any CPU = Release|Any CPU
	EndGlobalSection
	GlobalSection(ProjectConfigurationPlatforms) = postSolution
		{53E5E52D-00DA-4FED-A5ED-D6FC67C9D6C1}.Debug|Any CPU.ActiveCfg = Debug|Any CPU
		{53E5E52D-00DA-4FED-A5ED-D6FC67C9D6C1}.Debug|Any CPU.Build.0 = Debug|Any CPU
		{53E5E52D-00DA-4FED-A5ED-D6FC67C9D6C1}.Release|Any CPU.ActiveCfg = Release|Any CPU
		{53E5E52D-00DA-4FED-A5ED-D6FC67C9D6C1}.Release|Any CPU.Build.0 = Release|Any CPU
	EndGlobalSection
	GlobalSection(SolutionProperties) = preSolution
		HideSolutionNode = FALSE
	EndGlobalSection
EndGlobal
